
Microsoft Visual Studio Solution File, Format Version 12.00
# Visual Studio Version 16
VisualStudioVersion = 16.0.31515.178
MinimumVisualStudioVersion = 10.0.40219.1
Project("{9A19103F-16F7-4668-BE54-9A1E7A4F7556}") = "Lib_Blazor_UI", "Lib_Blazor_UI\Lib_Blazor_UI.csproj", "{428DB2FB-CE7C-402D-84BC-D79D9DA7734F}"
EndProject
Global
	GlobalSection(SolutionConfigurationPlatforms) = preSolution
		Debug|Any CPU = Debug|Any CPU
		Release|Any CPU = Release|Any CPU
	EndGlobalSection
	GlobalSection(ProjectConfigurationPlatforms) = postSolution
		{428DB2FB-CE7C-402D-84BC-D79D9DA7734F}.Debug|Any CPU.ActiveCfg = Debug|Any CPU
		{428DB2FB-CE7C-402D-84BC-D79D9DA7734F}.Debug|Any CPU.Build.0 = Debug|Any CPU
		{428DB2FB-CE7C-402D-84BC-D79D9DA7734F}.Release|Any CPU.ActiveCfg = Release|Any CPU
		{428DB2FB-CE7C-402D-84BC-D79D9DA7734F}.Release|Any CPU.Build.0 = Release|Any CPU
	EndGlobalSection
	GlobalSection(SolutionProperties) = preSolution
		HideSolutionNode = FALSE
	EndGlobalSection
	GlobalSection(ExtensibilityGlobals) = postSolution
		SolutionGuid = {1E12ACF6-8BB3-4754-8F55-DDDCAC11D8DB}
	EndGlobalSection
EndGlobal
